
Microsoft Visual Studio Solution File, Format Version 12.00
Project("{FAE04EC0-301F-11D3-BF4B-00C04F79EFBC}") = "HappyCoding.AvaloniaStructuredList", "HappyCoding.AvaloniaStructuredList\HappyCoding.AvaloniaStructuredList.csproj", "{1364B93A-7A53-47BC-8738-175EBEA756CF}"
EndProject
Global
	GlobalSection(SolutionConfigurationPlatforms) = preSolution
		Debug|Any CPU = Debug|Any CPU
		Release|Any CPU = Release|Any CPU
	EndGlobalSection
	GlobalSection(ProjectConfigurationPlatforms) = postSolution
		{1364B93A-7A53-47BC-8738-175EBEA756CF}.Debug|Any CPU.ActiveCfg = Debug|Any CPU
		{1364B93A-7A53-47BC-8738-175EBEA756CF}.Debug|Any CPU.Build.0 = Debug|Any CPU
		{1364B93A-7A53-47BC-8738-175EBEA756CF}.Release|Any CPU.ActiveCfg = Release|Any CPU
		{1364B93A-7A53-47BC-8738-175EBEA756CF}.Release|Any CPU.Build.0 = Release|Any CPU
	EndGlobalSection
EndGlobal
