
Microsoft Visual Studio Solution File, Format Version 12.00
# Visual Studio Version 17
VisualStudioVersion = 17.1.32319.34
MinimumVisualStudioVersion = 10.0.40219.1
Project("{FAE04EC0-301F-11D3-BF4B-00C04F79EFBC}") = "HappyCoding.AvaloniaWithMvvmGen", "HappyCoding.AvaloniaWithMvvmGen\HappyCoding.AvaloniaWithMvvmGen.csproj", "{58EB36B4-41E0-477E-AC6D-4AF71EECC86B}"
EndProject
Global
	GlobalSection(SolutionConfigurationPlatforms) = preSolution
		Debug|Any CPU = Debug|Any CPU
		Release|Any CPU = Release|Any CPU
	EndGlobalSection
	GlobalSection(ProjectConfigurationPlatforms) = postSolution
		{58EB36B4-41E0-477E-AC6D-4AF71EECC86B}.Debug|Any CPU.ActiveCfg = Debug|Any CPU
		{58EB36B4-41E0-477E-AC6D-4AF71EECC86B}.Debug|Any CPU.Build.0 = Debug|Any CPU
		{58EB36B4-41E0-477E-AC6D-4AF71EECC86B}.Release|Any CPU.ActiveCfg = Release|Any CPU
		{58EB36B4-41E0-477E-AC6D-4AF71EECC86B}.Release|Any CPU.Build.0 = Release|Any CPU
	EndGlobalSection
	GlobalSection(SolutionProperties) = preSolution
		HideSolutionNode = FALSE
	EndGlobalSection
	GlobalSection(ExtensibilityGlobals) = postSolution
		SolutionGuid = {2AD58713-F2B7-41C0-A53A-4678AFF98F5D}
	EndGlobalSection
EndGlobal
