
Microsoft Visual Studio Solution File, Format Version 12.00
# Visual Studio Version 17
VisualStudioVersion = 17.5.33502.453
MinimumVisualStudioVersion = 10.0.40219.1
Project("{9A19103F-16F7-4668-BE54-9A1E7A4F7556}") = "HappyCoding.ProtobufSerialization.UsingProtobufNet", "HappyCoding.ProtobufSerialization.UsingProtobufNet\HappyCoding.ProtobufSerialization.UsingProtobufNet.csproj", "{58DAA7CA-51C7-40CC-9A6E-8AA4D699E1FA}"
EndProject
Project("{9A19103F-16F7-4668-BE54-9A1E7A4F7556}") = "HappyCoding.ProtobufSerialization.UsingGoogleProtobuf", "HappyCoding.ProtobufSerialization.UsingGoogleProtobuf\HappyCoding.ProtobufSerialization.UsingGoogleProtobuf.csproj", "{2A02AE68-78C6-4E2B-BA5B-3D1EB0BAF267}"
EndProject
Project("{FAE04EC0-301F-11D3-BF4B-00C04F79EFBC}") = "HappyCoding.ProtobufSerialization.CompatibleModificationsTests", "HappyCoding.ProtobufSerialization.CompatibleModificationsTests\HappyCoding.ProtobufSerialization.CompatibleModificationsTests.csproj", "{C122B457-2ADA-4F56-8680-E705EEA742BC}"
EndProject
Global
	GlobalSection(SolutionConfigurationPlatforms) = preSolution
		Debug|Any CPU = Debug|Any CPU
		Release|Any CPU = Release|Any CPU
	EndGlobalSection
	GlobalSection(ProjectConfigurationPlatforms) = postSolution
		{58DAA7CA-51C7-40CC-9A6E-8AA4D699E1FA}.Debug|Any CPU.ActiveCfg = Debug|Any CPU
		{58DAA7CA-51C7-40CC-9A6E-8AA4D699E1FA}.Debug|Any CPU.Build.0 = Debug|Any CPU
		{58DAA7CA-51C7-40CC-9A6E-8AA4D699E1FA}.Release|Any CPU.ActiveCfg = Release|Any CPU
		{58DAA7CA-51C7-40CC-9A6E-8AA4D699E1FA}.Release|Any CPU.Build.0 = Release|Any CPU
		{2A02AE68-78C6-4E2B-BA5B-3D1EB0BAF267}.Debug|Any CPU.ActiveCfg = Debug|Any CPU
		{2A02AE68-78C6-4E2B-BA5B-3D1EB0BAF267}.Debug|Any CPU.Build.0 = Debug|Any CPU
		{2A02AE68-78C6-4E2B-BA5B-3D1EB0BAF267}.Release|Any CPU.ActiveCfg = Release|Any CPU
		{2A02AE68-78C6-4E2B-BA5B-3D1EB0BAF267}.Release|Any CPU.Build.0 = Release|Any CPU
		{C122B457-2ADA-4F56-8680-E705EEA742BC}.Debug|Any CPU.ActiveCfg = Debug|Any CPU
		{C122B457-2ADA-4F56-8680-E705EEA742BC}.Debug|Any CPU.Build.0 = Debug|Any CPU
		{C122B457-2ADA-4F56-8680-E705EEA742BC}.Release|Any CPU.ActiveCfg = Release|Any CPU
		{C122B457-2ADA-4F56-8680-E705EEA742BC}.Release|Any CPU.Build.0 = Release|Any CPU
	EndGlobalSection
	GlobalSection(SolutionProperties) = preSolution
		HideSolutionNode = FALSE
	EndGlobalSection
	GlobalSection(ExtensibilityGlobals) = postSolution
		SolutionGuid = {2BB3891C-678B-45D3-935A-9F75A04405BB}
	EndGlobalSection
EndGlobal
