
Microsoft Visual Studio Solution File, Format Version 12.00
# Visual Studio Version 17
VisualStudioVersion = 17.1.32210.238
MinimumVisualStudioVersion = 10.0.40219.1
Project("{FAE04EC0-301F-11D3-BF4B-00C04F79EFBC}") = "HappyCoding.NServiceBusWithSqlServer.SenderApp", "HappyCoding.NServiceBusWithSqlServer.SenderApp\HappyCoding.NServiceBusWithSqlServer.SenderApp.csproj", "{E729CA81-3E32-4ACB-B078-62844A5DE3D1}"
EndProject
Project("{FAE04EC0-301F-11D3-BF4B-00C04F79EFBC}") = "HappyCoding.NServiceBusWithSqlServer.ReceiverApp", "HappyCoding.NServiceBusWithSqlServer.ReceiverApp\HappyCoding.NServiceBusWithSqlServer.ReceiverApp.csproj", "{962C005A-67D0-40FC-AE88-BF2983669CB1}"
EndProject
Project("{FAE04EC0-301F-11D3-BF4B-00C04F79EFBC}") = "HappyCoding.NServiceBusWithSqlServer.Common", "HappyCoding.NServiceBusWithSqlServer.Common\HappyCoding.NServiceBusWithSqlServer.Common.csproj", "{AA85EA85-CFCD-4BD7-A065-B90E31861EA6}"
EndProject
Global
	GlobalSection(SolutionConfigurationPlatforms) = preSolution
		Debug|Any CPU = Debug|Any CPU
		Release|Any CPU = Release|Any CPU
	EndGlobalSection
	GlobalSection(ProjectConfigurationPlatforms) = postSolution
		{E729CA81-3E32-4ACB-B078-62844A5DE3D1}.Debug|Any CPU.ActiveCfg = Debug|Any CPU
		{E729CA81-3E32-4ACB-B078-62844A5DE3D1}.Debug|Any CPU.Build.0 = Debug|Any CPU
		{E729CA81-3E32-4ACB-B078-62844A5DE3D1}.Release|Any CPU.ActiveCfg = Release|Any CPU
		{E729CA81-3E32-4ACB-B078-62844A5DE3D1}.Release|Any CPU.Build.0 = Release|Any CPU
		{962C005A-67D0-40FC-AE88-BF2983669CB1}.Debug|Any CPU.ActiveCfg = Debug|Any CPU
		{962C005A-67D0-40FC-AE88-BF2983669CB1}.Debug|Any CPU.Build.0 = Debug|Any CPU
		{962C005A-67D0-40FC-AE88-BF2983669CB1}.Release|Any CPU.ActiveCfg = Release|Any CPU
		{962C005A-67D0-40FC-AE88-BF2983669CB1}.Release|Any CPU.Build.0 = Release|Any CPU
		{AA85EA85-CFCD-4BD7-A065-B90E31861EA6}.Debug|Any CPU.ActiveCfg = Debug|Any CPU
		{AA85EA85-CFCD-4BD7-A065-B90E31861EA6}.Debug|Any CPU.Build.0 = Debug|Any CPU
		{AA85EA85-CFCD-4BD7-A065-B90E31861EA6}.Release|Any CPU.ActiveCfg = Release|Any CPU
		{AA85EA85-CFCD-4BD7-A065-B90E31861EA6}.Release|Any CPU.Build.0 = Release|Any CPU
	EndGlobalSection
	GlobalSection(SolutionProperties) = preSolution
		HideSolutionNode = FALSE
	EndGlobalSection
	GlobalSection(ExtensibilityGlobals) = postSolution
		SolutionGuid = {5756D367-4D6F-450D-A101-6E237CA9089D}
	EndGlobalSection
EndGlobal
