
Microsoft Visual Studio Solution File, Format Version 12.00
# Visual Studio Version 16
VisualStudioVersion = 16.0.31229.75
MinimumVisualStudioVersion = 10.0.40219.1
Project("{9A19103F-16F7-4668-BE54-9A1E7A4F7556}") = "HappyCoding.AvaloniaMarkdownHelpBrowser", "HappyCoding.AvaloniaMarkdownHelpBrowser\HappyCoding.AvaloniaMarkdownHelpBrowser.csproj", "{F36AF9BC-24AC-471C-A2F7-534B5428312F}"
EndProject
Project("{9A19103F-16F7-4668-BE54-9A1E7A4F7556}") = "HappyCoding.AvaloniaMarkdownHelpBrowser.Tests", "HappyCoding.AvaloniaMarkdownHelpBrowser.Tests\HappyCoding.AvaloniaMarkdownHelpBrowser.Tests.csproj", "{1B09C4E9-D7D0-4CE1-8A88-BA3138E65134}"
EndProject
Project("{FAE04EC0-301F-11D3-BF4B-00C04F79EFBC}") = "HappyCoding.AvaloniaMarkdownHelpBrowser.Bench", "HappyCoding.AvaloniaMarkdownHelpBrowser.Bench\HappyCoding.AvaloniaMarkdownHelpBrowser.Bench.csproj", "{83196DFA-392E-4EA8-8288-77672B66CB51}"
EndProject
Global
	GlobalSection(SolutionConfigurationPlatforms) = preSolution
		Debug|Any CPU = Debug|Any CPU
		Release|Any CPU = Release|Any CPU
	EndGlobalSection
	GlobalSection(ProjectConfigurationPlatforms) = postSolution
		{F36AF9BC-24AC-471C-A2F7-534B5428312F}.Debug|Any CPU.ActiveCfg = Debug|Any CPU
		{F36AF9BC-24AC-471C-A2F7-534B5428312F}.Debug|Any CPU.Build.0 = Debug|Any CPU
		{F36AF9BC-24AC-471C-A2F7-534B5428312F}.Release|Any CPU.ActiveCfg = Release|Any CPU
		{F36AF9BC-24AC-471C-A2F7-534B5428312F}.Release|Any CPU.Build.0 = Release|Any CPU
		{1B09C4E9-D7D0-4CE1-8A88-BA3138E65134}.Debug|Any CPU.ActiveCfg = Debug|Any CPU
		{1B09C4E9-D7D0-4CE1-8A88-BA3138E65134}.Debug|Any CPU.Build.0 = Debug|Any CPU
		{1B09C4E9-D7D0-4CE1-8A88-BA3138E65134}.Release|Any CPU.ActiveCfg = Release|Any CPU
		{1B09C4E9-D7D0-4CE1-8A88-BA3138E65134}.Release|Any CPU.Build.0 = Release|Any CPU
		{83196DFA-392E-4EA8-8288-77672B66CB51}.Debug|Any CPU.ActiveCfg = Debug|Any CPU
		{83196DFA-392E-4EA8-8288-77672B66CB51}.Debug|Any CPU.Build.0 = Debug|Any CPU
		{83196DFA-392E-4EA8-8288-77672B66CB51}.Release|Any CPU.ActiveCfg = Release|Any CPU
		{83196DFA-392E-4EA8-8288-77672B66CB51}.Release|Any CPU.Build.0 = Release|Any CPU
	EndGlobalSection
	GlobalSection(SolutionProperties) = preSolution
		HideSolutionNode = FALSE
	EndGlobalSection
	GlobalSection(ExtensibilityGlobals) = postSolution
		SolutionGuid = {967868F4-EB5A-4618-B747-C82502F44EA7}
	EndGlobalSection
EndGlobal
