
Microsoft Visual Studio Solution File, Format Version 12.00
Project("{FAE04EC0-301F-11D3-BF4B-00C04F79EFBC}") = "HappyCoding.AvaloniaHeadlessTesting", "HappyCoding.AvaloniaHeadlessTesting\HappyCoding.AvaloniaHeadlessTesting.csproj", "{F46FB365-26C2-46FC-ABFE-0356FBEAFFB6}"
EndProject
Project("{FAE04EC0-301F-11D3-BF4B-00C04F79EFBC}") = "HappyCoding.AvaloniaHeadlessTesting.Tests", "HappyCoding.AvaloniaHeadlessTesting.Tests\HappyCoding.AvaloniaHeadlessTesting.Tests.csproj", "{FEE8E5FC-2A8B-4388-B377-1934262D904C}"
EndProject
Global
	GlobalSection(SolutionConfigurationPlatforms) = preSolution
		Debug|Any CPU = Debug|Any CPU
		Release|Any CPU = Release|Any CPU
	EndGlobalSection
	GlobalSection(ProjectConfigurationPlatforms) = postSolution
		{F46FB365-26C2-46FC-ABFE-0356FBEAFFB6}.Debug|Any CPU.ActiveCfg = Debug|Any CPU
		{F46FB365-26C2-46FC-ABFE-0356FBEAFFB6}.Debug|Any CPU.Build.0 = Debug|Any CPU
		{F46FB365-26C2-46FC-ABFE-0356FBEAFFB6}.Release|Any CPU.ActiveCfg = Release|Any CPU
		{F46FB365-26C2-46FC-ABFE-0356FBEAFFB6}.Release|Any CPU.Build.0 = Release|Any CPU
		{FEE8E5FC-2A8B-4388-B377-1934262D904C}.Debug|Any CPU.ActiveCfg = Debug|Any CPU
		{FEE8E5FC-2A8B-4388-B377-1934262D904C}.Debug|Any CPU.Build.0 = Debug|Any CPU
		{FEE8E5FC-2A8B-4388-B377-1934262D904C}.Release|Any CPU.ActiveCfg = Release|Any CPU
		{FEE8E5FC-2A8B-4388-B377-1934262D904C}.Release|Any CPU.Build.0 = Release|Any CPU
	EndGlobalSection
EndGlobal
