
Microsoft Visual Studio Solution File, Format Version 12.00
Project("{FAE04EC0-301F-11D3-BF4B-00C04F79EFBC}") = "HappyCoding.TemperatureViewer", "HappyCoding.TemperatureViewer\HappyCoding.TemperatureViewer.csproj", "{719794CB-B0FB-4E48-80E2-7BD25AF7DBAC}"
EndProject
Project("{FAE04EC0-301F-11D3-BF4B-00C04F79EFBC}") = "HappyCoding.TemperatureViewer.Tests", "HappyCoding.TemperatureViewer.Tests\HappyCoding.TemperatureViewer.Tests.csproj", "{C2BD6E3D-1B1E-44A5-B6D5-E59B61267703}"
EndProject
Project("{FAE04EC0-301F-11D3-BF4B-00C04F79EFBC}") = "HappyCoding.TemperatureViewer.Desktop", "HappyCoding.TemperatureViewer.Desktop\HappyCoding.TemperatureViewer.Desktop.csproj", "{BD969BFD-FDFF-4296-99C2-D13125302900}"
EndProject
Project("{FAE04EC0-301F-11D3-BF4B-00C04F79EFBC}") = "HappyCoding.TemperatureViewer.Browser", "HappyCoding.TemperatureViewer.Browser\HappyCoding.TemperatureViewer.Browser.csproj", "{9B541044-202F-40F2-AC76-70C673E60C87}"
EndProject
Project("{FAE04EC0-301F-11D3-BF4B-00C04F79EFBC}") = "HappyCoding.TemperatureViewer.Embedded", "HappyCoding.TemperatureViewer.Embedded\HappyCoding.TemperatureViewer.Embedded.csproj", "{ABA95399-FE0A-4622-A45B-728BE2B3D9BA}"
EndProject
Global
	GlobalSection(SolutionConfigurationPlatforms) = preSolution
		Debug|Any CPU = Debug|Any CPU
		Release|Any CPU = Release|Any CPU
	EndGlobalSection
	GlobalSection(ProjectConfigurationPlatforms) = postSolution
		{719794CB-B0FB-4E48-80E2-7BD25AF7DBAC}.Debug|Any CPU.ActiveCfg = Debug|Any CPU
		{719794CB-B0FB-4E48-80E2-7BD25AF7DBAC}.Debug|Any CPU.Build.0 = Debug|Any CPU
		{719794CB-B0FB-4E48-80E2-7BD25AF7DBAC}.Release|Any CPU.ActiveCfg = Release|Any CPU
		{719794CB-B0FB-4E48-80E2-7BD25AF7DBAC}.Release|Any CPU.Build.0 = Release|Any CPU
		{C2BD6E3D-1B1E-44A5-B6D5-E59B61267703}.Debug|Any CPU.ActiveCfg = Debug|Any CPU
		{C2BD6E3D-1B1E-44A5-B6D5-E59B61267703}.Debug|Any CPU.Build.0 = Debug|Any CPU
		{C2BD6E3D-1B1E-44A5-B6D5-E59B61267703}.Release|Any CPU.ActiveCfg = Release|Any CPU
		{C2BD6E3D-1B1E-44A5-B6D5-E59B61267703}.Release|Any CPU.Build.0 = Release|Any CPU
		{BD969BFD-FDFF-4296-99C2-D13125302900}.Debug|Any CPU.ActiveCfg = Debug|Any CPU
		{BD969BFD-FDFF-4296-99C2-D13125302900}.Debug|Any CPU.Build.0 = Debug|Any CPU
		{BD969BFD-FDFF-4296-99C2-D13125302900}.Release|Any CPU.ActiveCfg = Release|Any CPU
		{BD969BFD-FDFF-4296-99C2-D13125302900}.Release|Any CPU.Build.0 = Release|Any CPU
		{9B541044-202F-40F2-AC76-70C673E60C87}.Debug|Any CPU.ActiveCfg = Debug|Any CPU
		{9B541044-202F-40F2-AC76-70C673E60C87}.Debug|Any CPU.Build.0 = Debug|Any CPU
		{9B541044-202F-40F2-AC76-70C673E60C87}.Release|Any CPU.ActiveCfg = Release|Any CPU
		{9B541044-202F-40F2-AC76-70C673E60C87}.Release|Any CPU.Build.0 = Release|Any CPU
		{ABA95399-FE0A-4622-A45B-728BE2B3D9BA}.Debug|Any CPU.ActiveCfg = Debug|Any CPU
		{ABA95399-FE0A-4622-A45B-728BE2B3D9BA}.Debug|Any CPU.Build.0 = Debug|Any CPU
		{ABA95399-FE0A-4622-A45B-728BE2B3D9BA}.Release|Any CPU.ActiveCfg = Release|Any CPU
		{ABA95399-FE0A-4622-A45B-728BE2B3D9BA}.Release|Any CPU.Build.0 = Release|Any CPU
	EndGlobalSection
EndGlobal
