
Microsoft Visual Studio Solution File, Format Version 12.00
Project("{FAE04EC0-301F-11D3-BF4B-00C04F79EFBC}") = "HappyCoding.YamlWorkshopProtocol", "HappyCoding.YamlWorkshopProtocol\HappyCoding.YamlWorkshopProtocol.csproj", "{8BDF006B-2E4A-41C1-B39F-D48335376B51}"
EndProject
Global
	GlobalSection(SolutionConfigurationPlatforms) = preSolution
		Debug|Any CPU = Debug|Any CPU
		Release|Any CPU = Release|Any CPU
	EndGlobalSection
	GlobalSection(ProjectConfigurationPlatforms) = postSolution
		{8BDF006B-2E4A-41C1-B39F-D48335376B51}.Debug|Any CPU.ActiveCfg = Debug|Any CPU
		{8BDF006B-2E4A-41C1-B39F-D48335376B51}.Debug|Any CPU.Build.0 = Debug|Any CPU
		{8BDF006B-2E4A-41C1-B39F-D48335376B51}.Release|Any CPU.ActiveCfg = Release|Any CPU
		{8BDF006B-2E4A-41C1-B39F-D48335376B51}.Release|Any CPU.Build.0 = Release|Any CPU
	EndGlobalSection
EndGlobal
