
Microsoft Visual Studio Solution File, Format Version 12.00
# Visual Studio Version 17
VisualStudioVersion = 17.5.33502.453
MinimumVisualStudioVersion = 10.0.40219.1
Project("{9A19103F-16F7-4668-BE54-9A1E7A4F7556}") = "HappyCoding.GrpcCommunicationFeatures.Server", "HappyCoding.GrpcCommunicationFeatures.Server\HappyCoding.GrpcCommunicationFeatures.Server.csproj", "{596E2833-7BE1-4270-B720-52BDDA9292F9}"
EndProject
Project("{FAE04EC0-301F-11D3-BF4B-00C04F79EFBC}") = "HappyCoding.GrpcCommunicationFeatures.ConsoleClient", "HappyCoding.GrpcCommunicationFeatures.ConsoleClient\HappyCoding.GrpcCommunicationFeatures.ConsoleClient.csproj", "{A7A96B5C-4FE4-46B6-BD8D-79131EDF01EA}"
EndProject
Project("{FAE04EC0-301F-11D3-BF4B-00C04F79EFBC}") = "HappyCoding.GrpcCommunicationFeatures.Shared", "HappyCoding.GrpcCommunicationFeatures.Shared\HappyCoding.GrpcCommunicationFeatures.Shared.csproj", "{1A9A8EFA-E9DD-4B84-8938-6EA3F3E591E4}"
EndProject
Global
	GlobalSection(SolutionConfigurationPlatforms) = preSolution
		Debug|Any CPU = Debug|Any CPU
		Release|Any CPU = Release|Any CPU
	EndGlobalSection
	GlobalSection(ProjectConfigurationPlatforms) = postSolution
		{596E2833-7BE1-4270-B720-52BDDA9292F9}.Debug|Any CPU.ActiveCfg = Debug|Any CPU
		{596E2833-7BE1-4270-B720-52BDDA9292F9}.Debug|Any CPU.Build.0 = Debug|Any CPU
		{596E2833-7BE1-4270-B720-52BDDA9292F9}.Release|Any CPU.ActiveCfg = Release|Any CPU
		{596E2833-7BE1-4270-B720-52BDDA9292F9}.Release|Any CPU.Build.0 = Release|Any CPU
		{A7A96B5C-4FE4-46B6-BD8D-79131EDF01EA}.Debug|Any CPU.ActiveCfg = Debug|Any CPU
		{A7A96B5C-4FE4-46B6-BD8D-79131EDF01EA}.Debug|Any CPU.Build.0 = Debug|Any CPU
		{A7A96B5C-4FE4-46B6-BD8D-79131EDF01EA}.Release|Any CPU.ActiveCfg = Release|Any CPU
		{A7A96B5C-4FE4-46B6-BD8D-79131EDF01EA}.Release|Any CPU.Build.0 = Release|Any CPU
		{1A9A8EFA-E9DD-4B84-8938-6EA3F3E591E4}.Debug|Any CPU.ActiveCfg = Debug|Any CPU
		{1A9A8EFA-E9DD-4B84-8938-6EA3F3E591E4}.Debug|Any CPU.Build.0 = Debug|Any CPU
		{1A9A8EFA-E9DD-4B84-8938-6EA3F3E591E4}.Release|Any CPU.ActiveCfg = Release|Any CPU
		{1A9A8EFA-E9DD-4B84-8938-6EA3F3E591E4}.Release|Any CPU.Build.0 = Release|Any CPU
	EndGlobalSection
	GlobalSection(SolutionProperties) = preSolution
		HideSolutionNode = FALSE
	EndGlobalSection
	GlobalSection(ExtensibilityGlobals) = postSolution
		SolutionGuid = {84607715-1369-49CB-84BA-0013496EB84C}
	EndGlobalSection
EndGlobal
