<Solution>
  <Project Path="HappyCoding.ModernCliTools.CliUiTool/HappyCoding.ModernCliTools.CliUiTool.csproj" />
  <Project Path="HappyCoding.ModernCliTools.FileDownloader/HappyCoding.ModernCliTools.FileDownloader.csproj" />
  <Project Path="HappyCoding.ModernCliTools.FileDownloaderUsingConsole/HappyCoding.ModernCliTools.FileDownloaderUsingConsole.csproj" />
  <Project Path="HappyCoding.ModernCliTools.GracefulShutdown/HappyCoding.ModernCliTools.GracefulShutdown.csproj" />
  <Project Path="HappyCoding.ModernCliTools.HelloWorld\HappyCoding.ModernCliTools.HelloWorld.csproj" />
</Solution>
