
Microsoft Visual Studio Solution File, Format Version 12.00
# Visual Studio Version 17
VisualStudioVersion = 17.3.32825.248
MinimumVisualStudioVersion = 10.0.40219.1
Project("{FAE04EC0-301F-11D3-BF4B-00C04F79EFBC}") = "HappyCoding.ControlledProcessShutdownCall", "HappyCoding.ControlledProcessShutdownCall\HappyCoding.ControlledProcessShutdownCall.csproj", "{A9F0F025-AB99-4CA0-8C5B-26B73C9DB1B3}"
EndProject
Project("{FAE04EC0-301F-11D3-BF4B-00C04F79EFBC}") = "HappyCoding.WinProcessSignalingHelper", "HappyCoding.WinProcessSignalingHelper\HappyCoding.WinProcessSignalingHelper.csproj", "{3F778A7C-8170-4A88-BE8F-FD94F5AC2C94}"
EndProject
Project("{FAE04EC0-301F-11D3-BF4B-00C04F79EFBC}") = "HappyCoding.ControlledProcessShutdownCall.DummyProcess", "HappyCoding.ControlledProcessShutdownCall.DummyProcess\HappyCoding.ControlledProcessShutdownCall.DummyProcess.csproj", "{8842F973-7E7D-43C3-9574-A5032FAFB60B}"
EndProject
Global
	GlobalSection(SolutionConfigurationPlatforms) = preSolution
		Debug|Any CPU = Debug|Any CPU
		Release|Any CPU = Release|Any CPU
	EndGlobalSection
	GlobalSection(ProjectConfigurationPlatforms) = postSolution
		{A9F0F025-AB99-4CA0-8C5B-26B73C9DB1B3}.Debug|Any CPU.ActiveCfg = Debug|Any CPU
		{A9F0F025-AB99-4CA0-8C5B-26B73C9DB1B3}.Debug|Any CPU.Build.0 = Debug|Any CPU
		{A9F0F025-AB99-4CA0-8C5B-26B73C9DB1B3}.Release|Any CPU.ActiveCfg = Release|Any CPU
		{A9F0F025-AB99-4CA0-8C5B-26B73C9DB1B3}.Release|Any CPU.Build.0 = Release|Any CPU
		{3F778A7C-8170-4A88-BE8F-FD94F5AC2C94}.Debug|Any CPU.ActiveCfg = Debug|Any CPU
		{3F778A7C-8170-4A88-BE8F-FD94F5AC2C94}.Debug|Any CPU.Build.0 = Debug|Any CPU
		{3F778A7C-8170-4A88-BE8F-FD94F5AC2C94}.Release|Any CPU.ActiveCfg = Release|Any CPU
		{3F778A7C-8170-4A88-BE8F-FD94F5AC2C94}.Release|Any CPU.Build.0 = Release|Any CPU
		{8842F973-7E7D-43C3-9574-A5032FAFB60B}.Debug|Any CPU.ActiveCfg = Debug|Any CPU
		{8842F973-7E7D-43C3-9574-A5032FAFB60B}.Debug|Any CPU.Build.0 = Debug|Any CPU
		{8842F973-7E7D-43C3-9574-A5032FAFB60B}.Release|Any CPU.ActiveCfg = Release|Any CPU
		{8842F973-7E7D-43C3-9574-A5032FAFB60B}.Release|Any CPU.Build.0 = Release|Any CPU
	EndGlobalSection
	GlobalSection(SolutionProperties) = preSolution
		HideSolutionNode = FALSE
	EndGlobalSection
	GlobalSection(ExtensibilityGlobals) = postSolution
		SolutionGuid = {AC1C9B67-2FC5-4394-B9A4-047A78196140}
	EndGlobalSection
EndGlobal
