
Microsoft Visual Studio Solution File, Format Version 12.00
Project("{FAE04EC0-301F-11D3-BF4B-00C04F79EFBC}") = "HappyCoding.AvaloniaTreeDataGrid", "HappyCoding.AvaloniaTreeDataGrid\HappyCoding.AvaloniaTreeDataGrid.csproj", "{01F530A6-A170-48E9-A094-9D3562B41237}"
EndProject
Global
	GlobalSection(SolutionConfigurationPlatforms) = preSolution
		Debug|Any CPU = Debug|Any CPU
		Release|Any CPU = Release|Any CPU
	EndGlobalSection
	GlobalSection(ProjectConfigurationPlatforms) = postSolution
		{01F530A6-A170-48E9-A094-9D3562B41237}.Debug|Any CPU.ActiveCfg = Debug|Any CPU
		{01F530A6-A170-48E9-A094-9D3562B41237}.Debug|Any CPU.Build.0 = Debug|Any CPU
		{01F530A6-A170-48E9-A094-9D3562B41237}.Release|Any CPU.ActiveCfg = Release|Any CPU
		{01F530A6-A170-48E9-A094-9D3562B41237}.Release|Any CPU.Build.0 = Release|Any CPU
	EndGlobalSection
EndGlobal
