
Microsoft Visual Studio Solution File, Format Version 12.00
# Visual Studio Version 17
VisualStudioVersion = 17.9.34902.65
MinimumVisualStudioVersion = 10.0.40219.1
Project("{9A19103F-16F7-4668-BE54-9A1E7A4F7556}") = "HappyCoding.WorkingWithOneOf", "HappyCoding.WorkingWithOneOf\HappyCoding.WorkingWithOneOf.csproj", "{990E80C0-EBBC-4AF2-B7EF-435B67B98880}"
EndProject
Global
	GlobalSection(SolutionConfigurationPlatforms) = preSolution
		Debug|Any CPU = Debug|Any CPU
		Release|Any CPU = Release|Any CPU
	EndGlobalSection
	GlobalSection(ProjectConfigurationPlatforms) = postSolution
		{990E80C0-EBBC-4AF2-B7EF-435B67B98880}.Debug|Any CPU.ActiveCfg = Debug|Any CPU
		{990E80C0-EBBC-4AF2-B7EF-435B67B98880}.Debug|Any CPU.Build.0 = Debug|Any CPU
		{990E80C0-EBBC-4AF2-B7EF-435B67B98880}.Release|Any CPU.ActiveCfg = Release|Any CPU
		{990E80C0-EBBC-4AF2-B7EF-435B67B98880}.Release|Any CPU.Build.0 = Release|Any CPU
	EndGlobalSection
	GlobalSection(SolutionProperties) = preSolution
		HideSolutionNode = FALSE
	EndGlobalSection
	GlobalSection(ExtensibilityGlobals) = postSolution
		SolutionGuid = {A9689E2C-A916-4D96-BF66-E26F3FAF5CA5}
	EndGlobalSection
EndGlobal
