
Microsoft Visual Studio Solution File, Format Version 12.00
# Visual Studio Version 17
VisualStudioVersion = 17.1.32228.430
MinimumVisualStudioVersion = 10.0.40219.1
Project("{FAE04EC0-301F-11D3-BF4B-00C04F79EFBC}") = "HappyCoding.EFCoreFeatures", "HappyCoding.EFCoreFeatures\HappyCoding.EFCoreFeatures.csproj", "{CE6A25F0-C130-4738-A6A7-115D06332642}"
EndProject
Global
	GlobalSection(SolutionConfigurationPlatforms) = preSolution
		Debug|Any CPU = Debug|Any CPU
		Release|Any CPU = Release|Any CPU
	EndGlobalSection
	GlobalSection(ProjectConfigurationPlatforms) = postSolution
		{CE6A25F0-C130-4738-A6A7-115D06332642}.Debug|Any CPU.ActiveCfg = Debug|Any CPU
		{CE6A25F0-C130-4738-A6A7-115D06332642}.Debug|Any CPU.Build.0 = Debug|Any CPU
		{CE6A25F0-C130-4738-A6A7-115D06332642}.Release|Any CPU.ActiveCfg = Release|Any CPU
		{CE6A25F0-C130-4738-A6A7-115D06332642}.Release|Any CPU.Build.0 = Release|Any CPU
	EndGlobalSection
	GlobalSection(SolutionProperties) = preSolution
		HideSolutionNode = FALSE
	EndGlobalSection
	GlobalSection(ExtensibilityGlobals) = postSolution
		SolutionGuid = {D38495D3-33AD-4B09-B5DD-A5A594C2AE76}
	EndGlobalSection
EndGlobal
