
Microsoft Visual Studio Solution File, Format Version 12.00
Project("{FAE04EC0-301F-11D3-BF4B-00C04F79EFBC}") = "HappyCoding.OptimizedDockerBuild", "HappyCoding.OptimizedDockerBuild\HappyCoding.OptimizedDockerBuild.csproj", "{D93F575E-222B-4856-9E25-3DCA9D5134B2}"
EndProject
Global
	GlobalSection(SolutionConfigurationPlatforms) = preSolution
		Debug|Any CPU = Debug|Any CPU
		Release|Any CPU = Release|Any CPU
	EndGlobalSection
	GlobalSection(ProjectConfigurationPlatforms) = postSolution
		{D93F575E-222B-4856-9E25-3DCA9D5134B2}.Debug|Any CPU.ActiveCfg = Debug|Any CPU
		{D93F575E-222B-4856-9E25-3DCA9D5134B2}.Debug|Any CPU.Build.0 = Debug|Any CPU
		{D93F575E-222B-4856-9E25-3DCA9D5134B2}.Release|Any CPU.ActiveCfg = Release|Any CPU
		{D93F575E-222B-4856-9E25-3DCA9D5134B2}.Release|Any CPU.Build.0 = Release|Any CPU
	EndGlobalSection
EndGlobal
