
Microsoft Visual Studio Solution File, Format Version 12.00
# Visual Studio Version 17
VisualStudioVersion = 17.2.32516.85
MinimumVisualStudioVersion = 10.0.40219.1
Project("{D954291E-2A0B-460D-934E-DC6B0785DB48}") = "HappyCoding.SimpleUnoApp.Shared", "HappyCoding.SimpleUnoApp\HappyCoding.SimpleUnoApp.Shared\HappyCoding.SimpleUnoApp.Shared.shproj", "{6279C845-92F8-4333-AB99-3D213163593C}"
EndProject
Project("{2150E333-8FDC-42A3-9474-1A3956D46DE8}") = "Platforms", "Platforms", "{21943559-C795-48E3-9BE8-8550AD78479E}"
EndProject
Project("{FAE04EC0-301F-11D3-BF4B-00C04F79EFBC}") = "HappyCoding.SimpleUnoApp.Mobile", "HappyCoding.SimpleUnoApp\HappyCoding.SimpleUnoApp.Mobile\HappyCoding.SimpleUnoApp.Mobile.csproj", "{4F556C7E-1CBF-4000-92BE-21E1DCBF4786}"
EndProject
Project("{FAE04EC0-301F-11D3-BF4B-00C04F79EFBC}") = "HappyCoding.SimpleUnoApp.UWP", "HappyCoding.SimpleUnoApp\HappyCoding.SimpleUnoApp.UWP\HappyCoding.SimpleUnoApp.UWP.csproj", "{49F62456-04A2-4490-AA86-2FC48B6F5CDB}"
EndProject
Project("{FAE04EC0-301F-11D3-BF4B-00C04F79EFBC}") = "HappyCoding.SimpleUnoApp.Wasm", "HappyCoding.SimpleUnoApp\HappyCoding.SimpleUnoApp.Wasm\HappyCoding.SimpleUnoApp.Wasm.csproj", "{01A47F2C-9B7D-4702-B76A-AB72300F92FC}"
EndProject
Project("{FAE04EC0-301F-11D3-BF4B-00C04F79EFBC}") = "HappyCoding.SimpleUnoApp.Skia.Wpf.Host", "HappyCoding.SimpleUnoApp\HappyCoding.SimpleUnoApp.Skia.Wpf.Host\HappyCoding.SimpleUnoApp.Skia.Wpf.Host.csproj", "{C85BE416-1A30-418F-A982-C7CAFEAE89B4}"
EndProject
Project("{FAE04EC0-301F-11D3-BF4B-00C04F79EFBC}") = "HappyCoding.SimpleUnoApp.Skia.Wpf", "HappyCoding.SimpleUnoApp\HappyCoding.SimpleUnoApp.Skia.Wpf\HappyCoding.SimpleUnoApp.Skia.Wpf.csproj", "{781C44BB-E786-4502-B757-38C2FF2D04F9}"
EndProject
Project("{FAE04EC0-301F-11D3-BF4B-00C04F79EFBC}") = "HappyCoding.SimpleUnoApp.Skia.Gtk", "HappyCoding.SimpleUnoApp\HappyCoding.SimpleUnoApp.Skia.Gtk\HappyCoding.SimpleUnoApp.Skia.Gtk.csproj", "{62F2F5B7-BAA0-4FF1-BAED-C345C69C7A27}"
EndProject
Global
	GlobalSection(SolutionConfigurationPlatforms) = preSolution
		Debug|Any CPU = Debug|Any CPU
		Debug|ARM = Debug|ARM
		Debug|ARM64 = Debug|ARM64
		Debug|x64 = Debug|x64
		Debug|x86 = Debug|x86
		Release|Any CPU = Release|Any CPU
		Release|ARM = Release|ARM
		Release|ARM64 = Release|ARM64
		Release|x64 = Release|x64
		Release|x86 = Release|x86
	EndGlobalSection
	GlobalSection(ProjectConfigurationPlatforms) = postSolution
		{4F556C7E-1CBF-4000-92BE-21E1DCBF4786}.Debug|Any CPU.ActiveCfg = Debug|Any CPU
		{4F556C7E-1CBF-4000-92BE-21E1DCBF4786}.Debug|Any CPU.Build.0 = Debug|Any CPU
		{4F556C7E-1CBF-4000-92BE-21E1DCBF4786}.Debug|ARM.ActiveCfg = Debug|Any CPU
		{4F556C7E-1CBF-4000-92BE-21E1DCBF4786}.Debug|ARM.Build.0 = Debug|Any CPU
		{4F556C7E-1CBF-4000-92BE-21E1DCBF4786}.Debug|ARM64.ActiveCfg = Debug|Any CPU
		{4F556C7E-1CBF-4000-92BE-21E1DCBF4786}.Debug|ARM64.Build.0 = Debug|Any CPU
		{4F556C7E-1CBF-4000-92BE-21E1DCBF4786}.Debug|x64.ActiveCfg = Debug|Any CPU
		{4F556C7E-1CBF-4000-92BE-21E1DCBF4786}.Debug|x64.Build.0 = Debug|Any CPU
		{4F556C7E-1CBF-4000-92BE-21E1DCBF4786}.Debug|x86.ActiveCfg = Debug|Any CPU
		{4F556C7E-1CBF-4000-92BE-21E1DCBF4786}.Debug|x86.Build.0 = Debug|Any CPU
		{4F556C7E-1CBF-4000-92BE-21E1DCBF4786}.Release|Any CPU.ActiveCfg = Release|Any CPU
		{4F556C7E-1CBF-4000-92BE-21E1DCBF4786}.Release|Any CPU.Build.0 = Release|Any CPU
		{4F556C7E-1CBF-4000-92BE-21E1DCBF4786}.Release|ARM.ActiveCfg = Release|Any CPU
		{4F556C7E-1CBF-4000-92BE-21E1DCBF4786}.Release|ARM.Build.0 = Release|Any CPU
		{4F556C7E-1CBF-4000-92BE-21E1DCBF4786}.Release|ARM64.ActiveCfg = Release|Any CPU
		{4F556C7E-1CBF-4000-92BE-21E1DCBF4786}.Release|ARM64.Build.0 = Release|Any CPU
		{4F556C7E-1CBF-4000-92BE-21E1DCBF4786}.Release|x64.ActiveCfg = Release|Any CPU
		{4F556C7E-1CBF-4000-92BE-21E1DCBF4786}.Release|x64.Build.0 = Release|Any CPU
		{4F556C7E-1CBF-4000-92BE-21E1DCBF4786}.Release|x86.ActiveCfg = Release|Any CPU
		{4F556C7E-1CBF-4000-92BE-21E1DCBF4786}.Release|x86.Build.0 = Release|Any CPU
		{49F62456-04A2-4490-AA86-2FC48B6F5CDB}.Debug|Any CPU.ActiveCfg = Debug|x64
		{49F62456-04A2-4490-AA86-2FC48B6F5CDB}.Debug|Any CPU.Build.0 = Debug|x64
		{49F62456-04A2-4490-AA86-2FC48B6F5CDB}.Debug|Any CPU.Deploy.0 = Debug|x64
		{49F62456-04A2-4490-AA86-2FC48B6F5CDB}.Debug|ARM.ActiveCfg = Debug|ARM
		{49F62456-04A2-4490-AA86-2FC48B6F5CDB}.Debug|ARM.Build.0 = Debug|ARM
		{49F62456-04A2-4490-AA86-2FC48B6F5CDB}.Debug|ARM.Deploy.0 = Debug|ARM
		{49F62456-04A2-4490-AA86-2FC48B6F5CDB}.Debug|ARM64.ActiveCfg = Debug|ARM64
		{49F62456-04A2-4490-AA86-2FC48B6F5CDB}.Debug|ARM64.Build.0 = Debug|ARM64
		{49F62456-04A2-4490-AA86-2FC48B6F5CDB}.Debug|ARM64.Deploy.0 = Debug|ARM64
		{49F62456-04A2-4490-AA86-2FC48B6F5CDB}.Debug|x64.ActiveCfg = Debug|x64
		{49F62456-04A2-4490-AA86-2FC48B6F5CDB}.Debug|x64.Build.0 = Debug|x64
		{49F62456-04A2-4490-AA86-2FC48B6F5CDB}.Debug|x64.Deploy.0 = Debug|x64
		{49F62456-04A2-4490-AA86-2FC48B6F5CDB}.Debug|x86.ActiveCfg = Debug|x86
		{49F62456-04A2-4490-AA86-2FC48B6F5CDB}.Debug|x86.Build.0 = Debug|x86
		{49F62456-04A2-4490-AA86-2FC48B6F5CDB}.Debug|x86.Deploy.0 = Debug|x86
		{49F62456-04A2-4490-AA86-2FC48B6F5CDB}.Release|Any CPU.ActiveCfg = Release|x64
		{49F62456-04A2-4490-AA86-2FC48B6F5CDB}.Release|Any CPU.Build.0 = Release|x64
		{49F62456-04A2-4490-AA86-2FC48B6F5CDB}.Release|Any CPU.Deploy.0 = Release|x64
		{49F62456-04A2-4490-AA86-2FC48B6F5CDB}.Release|ARM.ActiveCfg = Release|ARM
		{49F62456-04A2-4490-AA86-2FC48B6F5CDB}.Release|ARM.Build.0 = Release|ARM
		{49F62456-04A2-4490-AA86-2FC48B6F5CDB}.Release|ARM.Deploy.0 = Release|ARM
		{49F62456-04A2-4490-AA86-2FC48B6F5CDB}.Release|ARM64.ActiveCfg = Release|ARM64
		{49F62456-04A2-4490-AA86-2FC48B6F5CDB}.Release|ARM64.Build.0 = Release|ARM64
		{49F62456-04A2-4490-AA86-2FC48B6F5CDB}.Release|ARM64.Deploy.0 = Release|ARM64
		{49F62456-04A2-4490-AA86-2FC48B6F5CDB}.Release|x64.ActiveCfg = Release|x64
		{49F62456-04A2-4490-AA86-2FC48B6F5CDB}.Release|x64.Build.0 = Release|x64
		{49F62456-04A2-4490-AA86-2FC48B6F5CDB}.Release|x64.Deploy.0 = Release|x64
		{49F62456-04A2-4490-AA86-2FC48B6F5CDB}.Release|x86.ActiveCfg = Release|x86
		{49F62456-04A2-4490-AA86-2FC48B6F5CDB}.Release|x86.Build.0 = Release|x86
		{49F62456-04A2-4490-AA86-2FC48B6F5CDB}.Release|x86.Deploy.0 = Release|x86
		{01A47F2C-9B7D-4702-B76A-AB72300F92FC}.Debug|Any CPU.ActiveCfg = Debug|Any CPU
		{01A47F2C-9B7D-4702-B76A-AB72300F92FC}.Debug|Any CPU.Build.0 = Debug|Any CPU
		{01A47F2C-9B7D-4702-B76A-AB72300F92FC}.Debug|ARM.ActiveCfg = Debug|Any CPU
		{01A47F2C-9B7D-4702-B76A-AB72300F92FC}.Debug|ARM.Build.0 = Debug|Any CPU
		{01A47F2C-9B7D-4702-B76A-AB72300F92FC}.Debug|ARM64.ActiveCfg = Debug|Any CPU
		{01A47F2C-9B7D-4702-B76A-AB72300F92FC}.Debug|ARM64.Build.0 = Debug|Any CPU
		{01A47F2C-9B7D-4702-B76A-AB72300F92FC}.Debug|x64.ActiveCfg = Debug|Any CPU
		{01A47F2C-9B7D-4702-B76A-AB72300F92FC}.Debug|x64.Build.0 = Debug|Any CPU
		{01A47F2C-9B7D-4702-B76A-AB72300F92FC}.Debug|x86.ActiveCfg = Debug|Any CPU
		{01A47F2C-9B7D-4702-B76A-AB72300F92FC}.Debug|x86.Build.0 = Debug|Any CPU
		{01A47F2C-9B7D-4702-B76A-AB72300F92FC}.Release|Any CPU.ActiveCfg = Release|Any CPU
		{01A47F2C-9B7D-4702-B76A-AB72300F92FC}.Release|Any CPU.Build.0 = Release|Any CPU
		{01A47F2C-9B7D-4702-B76A-AB72300F92FC}.Release|ARM.ActiveCfg = Release|Any CPU
		{01A47F2C-9B7D-4702-B76A-AB72300F92FC}.Release|ARM.Build.0 = Release|Any CPU
		{01A47F2C-9B7D-4702-B76A-AB72300F92FC}.Release|ARM64.ActiveCfg = Release|Any CPU
		{01A47F2C-9B7D-4702-B76A-AB72300F92FC}.Release|ARM64.Build.0 = Release|Any CPU
		{01A47F2C-9B7D-4702-B76A-AB72300F92FC}.Release|x64.ActiveCfg = Release|Any CPU
		{01A47F2C-9B7D-4702-B76A-AB72300F92FC}.Release|x64.Build.0 = Release|Any CPU
		{01A47F2C-9B7D-4702-B76A-AB72300F92FC}.Release|x86.ActiveCfg = Release|Any CPU
		{01A47F2C-9B7D-4702-B76A-AB72300F92FC}.Release|x86.Build.0 = Release|Any CPU
		{C85BE416-1A30-418F-A982-C7CAFEAE89B4}.Debug|Any CPU.ActiveCfg = Debug|Any CPU
		{C85BE416-1A30-418F-A982-C7CAFEAE89B4}.Debug|Any CPU.Build.0 = Debug|Any CPU
		{C85BE416-1A30-418F-A982-C7CAFEAE89B4}.Debug|ARM.ActiveCfg = Debug|Any CPU
		{C85BE416-1A30-418F-A982-C7CAFEAE89B4}.Debug|ARM.Build.0 = Debug|Any CPU
		{C85BE416-1A30-418F-A982-C7CAFEAE89B4}.Debug|ARM64.ActiveCfg = Debug|Any CPU
		{C85BE416-1A30-418F-A982-C7CAFEAE89B4}.Debug|ARM64.Build.0 = Debug|Any CPU
		{C85BE416-1A30-418F-A982-C7CAFEAE89B4}.Debug|x64.ActiveCfg = Debug|Any CPU
		{C85BE416-1A30-418F-A982-C7CAFEAE89B4}.Debug|x64.Build.0 = Debug|Any CPU
		{C85BE416-1A30-418F-A982-C7CAFEAE89B4}.Debug|x86.ActiveCfg = Debug|Any CPU
		{C85BE416-1A30-418F-A982-C7CAFEAE89B4}.Debug|x86.Build.0 = Debug|Any CPU
		{C85BE416-1A30-418F-A982-C7CAFEAE89B4}.Release|Any CPU.ActiveCfg = Release|Any CPU
		{C85BE416-1A30-418F-A982-C7CAFEAE89B4}.Release|Any CPU.Build.0 = Release|Any CPU
		{C85BE416-1A30-418F-A982-C7CAFEAE89B4}.Release|ARM.ActiveCfg = Release|Any CPU
		{C85BE416-1A30-418F-A982-C7CAFEAE89B4}.Release|ARM.Build.0 = Release|Any CPU
		{C85BE416-1A30-418F-A982-C7CAFEAE89B4}.Release|ARM64.ActiveCfg = Release|Any CPU
		{C85BE416-1A30-418F-A982-C7CAFEAE89B4}.Release|ARM64.Build.0 = Release|Any CPU
		{C85BE416-1A30-418F-A982-C7CAFEAE89B4}.Release|x64.ActiveCfg = Release|Any CPU
		{C85BE416-1A30-418F-A982-C7CAFEAE89B4}.Release|x64.Build.0 = Release|Any CPU
		{C85BE416-1A30-418F-A982-C7CAFEAE89B4}.Release|x86.ActiveCfg = Release|Any CPU
		{C85BE416-1A30-418F-A982-C7CAFEAE89B4}.Release|x86.Build.0 = Release|Any CPU
		{781C44BB-E786-4502-B757-38C2FF2D04F9}.Debug|Any CPU.ActiveCfg = Debug|Any CPU
		{781C44BB-E786-4502-B757-38C2FF2D04F9}.Debug|Any CPU.Build.0 = Debug|Any CPU
		{781C44BB-E786-4502-B757-38C2FF2D04F9}.Debug|ARM.ActiveCfg = Debug|Any CPU
		{781C44BB-E786-4502-B757-38C2FF2D04F9}.Debug|ARM.Build.0 = Debug|Any CPU
		{781C44BB-E786-4502-B757-38C2FF2D04F9}.Debug|ARM64.ActiveCfg = Debug|Any CPU
		{781C44BB-E786-4502-B757-38C2FF2D04F9}.Debug|ARM64.Build.0 = Debug|Any CPU
		{781C44BB-E786-4502-B757-38C2FF2D04F9}.Debug|x64.ActiveCfg = Debug|Any CPU
		{781C44BB-E786-4502-B757-38C2FF2D04F9}.Debug|x64.Build.0 = Debug|Any CPU
		{781C44BB-E786-4502-B757-38C2FF2D04F9}.Debug|x86.ActiveCfg = Debug|Any CPU
		{781C44BB-E786-4502-B757-38C2FF2D04F9}.Debug|x86.Build.0 = Debug|Any CPU
		{781C44BB-E786-4502-B757-38C2FF2D04F9}.Release|Any CPU.ActiveCfg = Release|Any CPU
		{781C44BB-E786-4502-B757-38C2FF2D04F9}.Release|Any CPU.Build.0 = Release|Any CPU
		{781C44BB-E786-4502-B757-38C2FF2D04F9}.Release|ARM.ActiveCfg = Release|Any CPU
		{781C44BB-E786-4502-B757-38C2FF2D04F9}.Release|ARM.Build.0 = Release|Any CPU
		{781C44BB-E786-4502-B757-38C2FF2D04F9}.Release|ARM64.ActiveCfg = Release|Any CPU
		{781C44BB-E786-4502-B757-38C2FF2D04F9}.Release|ARM64.Build.0 = Release|Any CPU
		{781C44BB-E786-4502-B757-38C2FF2D04F9}.Release|x64.ActiveCfg = Release|Any CPU
		{781C44BB-E786-4502-B757-38C2FF2D04F9}.Release|x64.Build.0 = Release|Any CPU
		{781C44BB-E786-4502-B757-38C2FF2D04F9}.Release|x86.ActiveCfg = Release|Any CPU
		{781C44BB-E786-4502-B757-38C2FF2D04F9}.Release|x86.Build.0 = Release|Any CPU
		{62F2F5B7-BAA0-4FF1-BAED-C345C69C7A27}.Debug|Any CPU.ActiveCfg = Debug|Any CPU
		{62F2F5B7-BAA0-4FF1-BAED-C345C69C7A27}.Debug|Any CPU.Build.0 = Debug|Any CPU
		{62F2F5B7-BAA0-4FF1-BAED-C345C69C7A27}.Debug|ARM.ActiveCfg = Debug|Any CPU
		{62F2F5B7-BAA0-4FF1-BAED-C345C69C7A27}.Debug|ARM.Build.0 = Debug|Any CPU
		{62F2F5B7-BAA0-4FF1-BAED-C345C69C7A27}.Debug|ARM64.ActiveCfg = Debug|Any CPU
		{62F2F5B7-BAA0-4FF1-BAED-C345C69C7A27}.Debug|ARM64.Build.0 = Debug|Any CPU
		{62F2F5B7-BAA0-4FF1-BAED-C345C69C7A27}.Debug|x64.ActiveCfg = Debug|Any CPU
		{62F2F5B7-BAA0-4FF1-BAED-C345C69C7A27}.Debug|x64.Build.0 = Debug|Any CPU
		{62F2F5B7-BAA0-4FF1-BAED-C345C69C7A27}.Debug|x86.ActiveCfg = Debug|Any CPU
		{62F2F5B7-BAA0-4FF1-BAED-C345C69C7A27}.Debug|x86.Build.0 = Debug|Any CPU
		{62F2F5B7-BAA0-4FF1-BAED-C345C69C7A27}.Release|Any CPU.ActiveCfg = Release|Any CPU
		{62F2F5B7-BAA0-4FF1-BAED-C345C69C7A27}.Release|Any CPU.Build.0 = Release|Any CPU
		{62F2F5B7-BAA0-4FF1-BAED-C345C69C7A27}.Release|ARM.ActiveCfg = Release|Any CPU
		{62F2F5B7-BAA0-4FF1-BAED-C345C69C7A27}.Release|ARM.Build.0 = Release|Any CPU
		{62F2F5B7-BAA0-4FF1-BAED-C345C69C7A27}.Release|ARM64.ActiveCfg = Release|Any CPU
		{62F2F5B7-BAA0-4FF1-BAED-C345C69C7A27}.Release|ARM64.Build.0 = Release|Any CPU
		{62F2F5B7-BAA0-4FF1-BAED-C345C69C7A27}.Release|x64.ActiveCfg = Release|Any CPU
		{62F2F5B7-BAA0-4FF1-BAED-C345C69C7A27}.Release|x64.Build.0 = Release|Any CPU
		{62F2F5B7-BAA0-4FF1-BAED-C345C69C7A27}.Release|x86.ActiveCfg = Release|Any CPU
		{62F2F5B7-BAA0-4FF1-BAED-C345C69C7A27}.Release|x86.Build.0 = Release|Any CPU
	EndGlobalSection
	GlobalSection(SolutionProperties) = preSolution
		HideSolutionNode = FALSE
	EndGlobalSection
	GlobalSection(NestedProjects) = preSolution
		{4F556C7E-1CBF-4000-92BE-21E1DCBF4786} = {21943559-C795-48E3-9BE8-8550AD78479E}
		{49F62456-04A2-4490-AA86-2FC48B6F5CDB} = {21943559-C795-48E3-9BE8-8550AD78479E}
		{01A47F2C-9B7D-4702-B76A-AB72300F92FC} = {21943559-C795-48E3-9BE8-8550AD78479E}
		{C85BE416-1A30-418F-A982-C7CAFEAE89B4} = {21943559-C795-48E3-9BE8-8550AD78479E}
		{781C44BB-E786-4502-B757-38C2FF2D04F9} = {21943559-C795-48E3-9BE8-8550AD78479E}
		{62F2F5B7-BAA0-4FF1-BAED-C345C69C7A27} = {21943559-C795-48E3-9BE8-8550AD78479E}
	EndGlobalSection
	GlobalSection(ExtensibilityGlobals) = postSolution
		SolutionGuid = {4863456E-BC32-4105-BA2A-5771AC02A2A4}
	EndGlobalSection
	GlobalSection(SharedMSBuildProjectFiles) = preSolution
		HappyCoding.SimpleUnoApp\HappyCoding.SimpleUnoApp.Shared\HappyCoding.SimpleUnoApp.Shared.projitems*{01a47f2c-9b7d-4702-b76a-ab72300f92fc}*SharedItemsImports = 5
		HappyCoding.SimpleUnoApp\HappyCoding.SimpleUnoApp.Shared\HappyCoding.SimpleUnoApp.Shared.projitems*{49f62456-04a2-4490-aa86-2fc48b6f5cdb}*SharedItemsImports = 4
		HappyCoding.SimpleUnoApp\HappyCoding.SimpleUnoApp.Shared\HappyCoding.SimpleUnoApp.Shared.projitems*{4f556c7e-1cbf-4000-92be-21e1dcbf4786}*SharedItemsImports = 5
		HappyCoding.SimpleUnoApp\HappyCoding.SimpleUnoApp.Shared\HappyCoding.SimpleUnoApp.Shared.projitems*{6279c845-92f8-4333-ab99-3d213163593c}*SharedItemsImports = 13
		HappyCoding.SimpleUnoApp\HappyCoding.SimpleUnoApp.Shared\HappyCoding.SimpleUnoApp.Shared.projitems*{62f2f5b7-baa0-4ff1-baed-c345c69c7a27}*SharedItemsImports = 5
		HappyCoding.SimpleUnoApp\HappyCoding.SimpleUnoApp.Shared\HappyCoding.SimpleUnoApp.Shared.projitems*{781c44bb-e786-4502-b757-38c2ff2d04f9}*SharedItemsImports = 5
	EndGlobalSection
EndGlobal
