
Microsoft Visual Studio Solution File, Format Version 12.00
Project("{FAE04EC0-301F-11D3-BF4B-00C04F79EFBC}") = "HappyCoding.GrpcKubernetesLoadBalancing.Server", "HappyCoding.GrpcKubernetesLoadBalancing.Server\HappyCoding.GrpcKubernetesLoadBalancing.Server.csproj", "{5C9173C7-2C8D-4FFB-82EE-45351DC27A7C}"
EndProject
Project("{FAE04EC0-301F-11D3-BF4B-00C04F79EFBC}") = "HappyCoding.GrpcKubernetesLoadBalancing.Client", "HappyCoding.GrpcKubernetesLoadBalancing.Client\HappyCoding.GrpcKubernetesLoadBalancing.Client.csproj", "{080D1A92-CCC0-4C39-8364-A11E2D74D998}"
EndProject
Project("{2150E333-8FDC-42A3-9474-1A3956D46DE8}") = "_Root", "_Root", "{9C229D85-0AB1-40EA-AFD2-0518ADC5F6F1}"
	ProjectSection(SolutionItems) = preProject
		docker-compose.yml = docker-compose.yml
	EndProjectSection
EndProject
Project("{2150E333-8FDC-42A3-9474-1A3956D46DE8}") = "Scripts", "Scripts", "{EAC1DEB6-703F-4F94-99B6-10A3DFCCD849}"
	ProjectSection(SolutionItems) = preProject
		Scripts\build-and-deploy-minikube.ps1 = Scripts\build-and-deploy-minikube.ps1
	EndProjectSection
EndProject
Project("{2150E333-8FDC-42A3-9474-1A3956D46DE8}") = "Kubernetes", "Kubernetes", "{FE26E0E6-545C-4AAA-9A44-A3313186050B}"
	ProjectSection(SolutionItems) = preProject
		Scripts\Kubernetes\grpc-client.yaml = Scripts\Kubernetes\grpc-client.yaml
		Scripts\Kubernetes\grpc-server-service.yaml = Scripts\Kubernetes\grpc-server-service.yaml
		Scripts\Kubernetes\grpc-server.yaml = Scripts\Kubernetes\grpc-server.yaml
	EndProjectSection
EndProject
Global
	GlobalSection(SolutionConfigurationPlatforms) = preSolution
		Debug|Any CPU = Debug|Any CPU
		Release|Any CPU = Release|Any CPU
	EndGlobalSection
	GlobalSection(ProjectConfigurationPlatforms) = postSolution
		{5C9173C7-2C8D-4FFB-82EE-45351DC27A7C}.Debug|Any CPU.ActiveCfg = Debug|Any CPU
		{5C9173C7-2C8D-4FFB-82EE-45351DC27A7C}.Debug|Any CPU.Build.0 = Debug|Any CPU
		{5C9173C7-2C8D-4FFB-82EE-45351DC27A7C}.Release|Any CPU.ActiveCfg = Release|Any CPU
		{5C9173C7-2C8D-4FFB-82EE-45351DC27A7C}.Release|Any CPU.Build.0 = Release|Any CPU
		{080D1A92-CCC0-4C39-8364-A11E2D74D998}.Debug|Any CPU.ActiveCfg = Debug|Any CPU
		{080D1A92-CCC0-4C39-8364-A11E2D74D998}.Debug|Any CPU.Build.0 = Debug|Any CPU
		{080D1A92-CCC0-4C39-8364-A11E2D74D998}.Release|Any CPU.ActiveCfg = Release|Any CPU
		{080D1A92-CCC0-4C39-8364-A11E2D74D998}.Release|Any CPU.Build.0 = Release|Any CPU
	EndGlobalSection
	GlobalSection(NestedProjects) = preSolution
		{FE26E0E6-545C-4AAA-9A44-A3313186050B} = {EAC1DEB6-703F-4F94-99B6-10A3DFCCD849}
	EndGlobalSection
EndGlobal
