
Microsoft Visual Studio Solution File, Format Version 12.00
# Visual Studio Version 17
VisualStudioVersion = 17.4.33403.182
MinimumVisualStudioVersion = 10.0.40219.1
Project("{FAE04EC0-301F-11D3-BF4B-00C04F79EFBC}") = "HappyCoding.EFCoreMultipleContextsInSameDb", "HappyCoding.EFCoreMultipleContextsInSameDb\HappyCoding.EFCoreMultipleContextsInSameDb.csproj", "{7DCB45D8-9F43-4B40-BA59-97EB9B0332D2}"
EndProject
Project("{FAE04EC0-301F-11D3-BF4B-00C04F79EFBC}") = "HappyCoding.EFCoreMultipleContextsInSameDb.Context1", "HappyCoding.EFCoreMultipleContextsInSameDb.Context1\HappyCoding.EFCoreMultipleContextsInSameDb.Context1.csproj", "{BD1C8CF9-7DE8-44EA-9F92-496834CE5F8A}"
EndProject
Project("{FAE04EC0-301F-11D3-BF4B-00C04F79EFBC}") = "HappyCoding.EFCoreMultipleContextsInSameDb.Context2", "HappyCoding.EFCoreMultipleContextsInSameDb.Context2\HappyCoding.EFCoreMultipleContextsInSameDb.Context2.csproj", "{24D6380C-5F21-40CF-BBF3-6875E8FCCBA3}"
EndProject
Global
	GlobalSection(SolutionConfigurationPlatforms) = preSolution
		Debug|Any CPU = Debug|Any CPU
		Release|Any CPU = Release|Any CPU
	EndGlobalSection
	GlobalSection(ProjectConfigurationPlatforms) = postSolution
		{7DCB45D8-9F43-4B40-BA59-97EB9B0332D2}.Debug|Any CPU.ActiveCfg = Debug|Any CPU
		{7DCB45D8-9F43-4B40-BA59-97EB9B0332D2}.Debug|Any CPU.Build.0 = Debug|Any CPU
		{7DCB45D8-9F43-4B40-BA59-97EB9B0332D2}.Release|Any CPU.ActiveCfg = Release|Any CPU
		{7DCB45D8-9F43-4B40-BA59-97EB9B0332D2}.Release|Any CPU.Build.0 = Release|Any CPU
		{BD1C8CF9-7DE8-44EA-9F92-496834CE5F8A}.Debug|Any CPU.ActiveCfg = Debug|Any CPU
		{BD1C8CF9-7DE8-44EA-9F92-496834CE5F8A}.Debug|Any CPU.Build.0 = Debug|Any CPU
		{BD1C8CF9-7DE8-44EA-9F92-496834CE5F8A}.Release|Any CPU.ActiveCfg = Release|Any CPU
		{BD1C8CF9-7DE8-44EA-9F92-496834CE5F8A}.Release|Any CPU.Build.0 = Release|Any CPU
		{24D6380C-5F21-40CF-BBF3-6875E8FCCBA3}.Debug|Any CPU.ActiveCfg = Debug|Any CPU
		{24D6380C-5F21-40CF-BBF3-6875E8FCCBA3}.Debug|Any CPU.Build.0 = Debug|Any CPU
		{24D6380C-5F21-40CF-BBF3-6875E8FCCBA3}.Release|Any CPU.ActiveCfg = Release|Any CPU
		{24D6380C-5F21-40CF-BBF3-6875E8FCCBA3}.Release|Any CPU.Build.0 = Release|Any CPU
	EndGlobalSection
	GlobalSection(SolutionProperties) = preSolution
		HideSolutionNode = FALSE
	EndGlobalSection
	GlobalSection(ExtensibilityGlobals) = postSolution
		SolutionGuid = {79D90B31-1A3B-4308-AE85-F049F485C85A}
	EndGlobalSection
EndGlobal
