
Microsoft Visual Studio Solution File, Format Version 12.00
Project("{FAE04EC0-301F-11D3-BF4B-00C04F79EFBC}") = "HappyCoding.AspNetWithAurelia.BackendService", "HappyCoding.AspNetWithAurelia.BackendService\HappyCoding.AspNetWithAurelia.BackendService.csproj", "{3E66D8D5-6055-498B-9052-B78EB8598F97}"
EndProject
Project("{FAE04EC0-301F-11D3-BF4B-00C04F79EFBC}") = "HappyCoding.AspNetWithAurelia.Domain", "HappyCoding.AspNetWithAurelia.Domain\HappyCoding.AspNetWithAurelia.Domain.csproj", "{7C929752-695B-4746-AF15-8F9D4F32BFC0}"
EndProject
Project("{FAE04EC0-301F-11D3-BF4B-00C04F79EFBC}") = "HappyCoding.AspNetWithAurelia.Application", "HappyCoding.AspNetWithAurelia.Application\HappyCoding.AspNetWithAurelia.Application.csproj", "{1A0C1F81-F7E8-429E-B0D7-BE374592C265}"
EndProject
Global
	GlobalSection(SolutionConfigurationPlatforms) = preSolution
		Debug|Any CPU = Debug|Any CPU
		Release|Any CPU = Release|Any CPU
	EndGlobalSection
	GlobalSection(ProjectConfigurationPlatforms) = postSolution
		{3E66D8D5-6055-498B-9052-B78EB8598F97}.Debug|Any CPU.ActiveCfg = Debug|Any CPU
		{3E66D8D5-6055-498B-9052-B78EB8598F97}.Debug|Any CPU.Build.0 = Debug|Any CPU
		{3E66D8D5-6055-498B-9052-B78EB8598F97}.Release|Any CPU.ActiveCfg = Release|Any CPU
		{3E66D8D5-6055-498B-9052-B78EB8598F97}.Release|Any CPU.Build.0 = Release|Any CPU
		{7C929752-695B-4746-AF15-8F9D4F32BFC0}.Debug|Any CPU.ActiveCfg = Debug|Any CPU
		{7C929752-695B-4746-AF15-8F9D4F32BFC0}.Debug|Any CPU.Build.0 = Debug|Any CPU
		{7C929752-695B-4746-AF15-8F9D4F32BFC0}.Release|Any CPU.ActiveCfg = Release|Any CPU
		{7C929752-695B-4746-AF15-8F9D4F32BFC0}.Release|Any CPU.Build.0 = Release|Any CPU
		{1A0C1F81-F7E8-429E-B0D7-BE374592C265}.Debug|Any CPU.ActiveCfg = Debug|Any CPU
		{1A0C1F81-F7E8-429E-B0D7-BE374592C265}.Debug|Any CPU.Build.0 = Debug|Any CPU
		{1A0C1F81-F7E8-429E-B0D7-BE374592C265}.Release|Any CPU.ActiveCfg = Release|Any CPU
		{1A0C1F81-F7E8-429E-B0D7-BE374592C265}.Release|Any CPU.Build.0 = Release|Any CPU
	EndGlobalSection
EndGlobal
