
Microsoft Visual Studio Solution File, Format Version 12.00
# Visual Studio Version 16
VisualStudioVersion = 16.0.31702.278
MinimumVisualStudioVersion = 10.0.40219.1
Project("{FAE04EC0-301F-11D3-BF4B-00C04F79EFBC}") = "HappyCoding.WebApiSimple", "HappyCoding.WebApiSimple\HappyCoding.WebApiSimple.csproj", "{A136CB9D-591E-41AB-8B87-53BC88C93EB5}"
EndProject
Global
	GlobalSection(SolutionConfigurationPlatforms) = preSolution
		Debug|Any CPU = Debug|Any CPU
		Release|Any CPU = Release|Any CPU
	EndGlobalSection
	GlobalSection(ProjectConfigurationPlatforms) = postSolution
		{A136CB9D-591E-41AB-8B87-53BC88C93EB5}.Debug|Any CPU.ActiveCfg = Debug|Any CPU
		{A136CB9D-591E-41AB-8B87-53BC88C93EB5}.Debug|Any CPU.Build.0 = Debug|Any CPU
		{A136CB9D-591E-41AB-8B87-53BC88C93EB5}.Release|Any CPU.ActiveCfg = Release|Any CPU
		{A136CB9D-591E-41AB-8B87-53BC88C93EB5}.Release|Any CPU.Build.0 = Release|Any CPU
	EndGlobalSection
	GlobalSection(SolutionProperties) = preSolution
		HideSolutionNode = FALSE
	EndGlobalSection
	GlobalSection(ExtensibilityGlobals) = postSolution
		SolutionGuid = {7945D040-461C-4DC9-9F9B-5C1242F640D6}
	EndGlobalSection
EndGlobal
