
Microsoft Visual Studio Solution File, Format Version 12.00
Project("{FAE04EC0-301F-11D3-BF4B-00C04F79EFBC}") = "HappyCoding.AvaloniaCustomResponsiveControls", "HappyCoding.AvaloniaCustomResponsiveControls\HappyCoding.AvaloniaCustomResponsiveControls.csproj", "{56BD5120-9774-437F-8669-EE329E5509FE}"
EndProject
Project("{FAE04EC0-301F-11D3-BF4B-00C04F79EFBC}") = "HappyCoding.AvaloniaCustomResponsiveControls.Controls", "HappyCoding.AvaloniaCustomResponsiveControls.Controls\HappyCoding.AvaloniaCustomResponsiveControls.Controls.csproj", "{AC8CD367-2169-4623-8F19-71DFA832C619}"
EndProject
Global
	GlobalSection(SolutionConfigurationPlatforms) = preSolution
		Debug|Any CPU = Debug|Any CPU
		Release|Any CPU = Release|Any CPU
	EndGlobalSection
	GlobalSection(ProjectConfigurationPlatforms) = postSolution
		{56BD5120-9774-437F-8669-EE329E5509FE}.Debug|Any CPU.ActiveCfg = Debug|Any CPU
		{56BD5120-9774-437F-8669-EE329E5509FE}.Debug|Any CPU.Build.0 = Debug|Any CPU
		{56BD5120-9774-437F-8669-EE329E5509FE}.Release|Any CPU.ActiveCfg = Release|Any CPU
		{56BD5120-9774-437F-8669-EE329E5509FE}.Release|Any CPU.Build.0 = Release|Any CPU
		{AC8CD367-2169-4623-8F19-71DFA832C619}.Debug|Any CPU.ActiveCfg = Debug|Any CPU
		{AC8CD367-2169-4623-8F19-71DFA832C619}.Debug|Any CPU.Build.0 = Debug|Any CPU
		{AC8CD367-2169-4623-8F19-71DFA832C619}.Release|Any CPU.ActiveCfg = Release|Any CPU
		{AC8CD367-2169-4623-8F19-71DFA832C619}.Release|Any CPU.Build.0 = Release|Any CPU
	EndGlobalSection
EndGlobal
