
Microsoft Visual Studio Solution File, Format Version 12.00
Project("{FAE04EC0-301F-11D3-BF4B-00C04F79EFBC}") = "HappyCoding.AspNetOptionsPattern", "HappyCoding.AspNetOptionsPattern\HappyCoding.AspNetOptionsPattern.csproj", "{3E1EBD71-3F5F-488C-BEB1-F2EC98F83AB0}"
EndProject
Global
	GlobalSection(SolutionConfigurationPlatforms) = preSolution
		Debug|Any CPU = Debug|Any CPU
		Release|Any CPU = Release|Any CPU
	EndGlobalSection
	GlobalSection(ProjectConfigurationPlatforms) = postSolution
		{3E1EBD71-3F5F-488C-BEB1-F2EC98F83AB0}.Debug|Any CPU.ActiveCfg = Debug|Any CPU
		{3E1EBD71-3F5F-488C-BEB1-F2EC98F83AB0}.Debug|Any CPU.Build.0 = Debug|Any CPU
		{3E1EBD71-3F5F-488C-BEB1-F2EC98F83AB0}.Release|Any CPU.ActiveCfg = Release|Any CPU
		{3E1EBD71-3F5F-488C-BEB1-F2EC98F83AB0}.Release|Any CPU.Build.0 = Release|Any CPU
	EndGlobalSection
EndGlobal
