
Microsoft Visual Studio Solution File, Format Version 12.00
# Visual Studio Version 17
VisualStudioVersion = 17.2.32630.192
MinimumVisualStudioVersion = 10.0.40219.1
Project("{FAE04EC0-301F-11D3-BF4B-00C04F79EFBC}") = "HappyCoding.AspNetCoreWithHangfire", "HappyCoding.AspNetCoreWithHangfire\HappyCoding.AspNetCoreWithHangfire.csproj", "{A7ED7998-A1A1-462C-9712-1111539B8235}"
EndProject
Global
	GlobalSection(SolutionConfigurationPlatforms) = preSolution
		Debug|Any CPU = Debug|Any CPU
		Release|Any CPU = Release|Any CPU
	EndGlobalSection
	GlobalSection(ProjectConfigurationPlatforms) = postSolution
		{A7ED7998-A1A1-462C-9712-1111539B8235}.Debug|Any CPU.ActiveCfg = Debug|Any CPU
		{A7ED7998-A1A1-462C-9712-1111539B8235}.Debug|Any CPU.Build.0 = Debug|Any CPU
		{A7ED7998-A1A1-462C-9712-1111539B8235}.Release|Any CPU.ActiveCfg = Release|Any CPU
		{A7ED7998-A1A1-462C-9712-1111539B8235}.Release|Any CPU.Build.0 = Release|Any CPU
	EndGlobalSection
	GlobalSection(SolutionProperties) = preSolution
		HideSolutionNode = FALSE
	EndGlobalSection
	GlobalSection(ExtensibilityGlobals) = postSolution
		SolutionGuid = {DCAB9F07-2D2D-434C-9E43-CD75E981D7F3}
	EndGlobalSection
EndGlobal
