
Microsoft Visual Studio Solution File, Format Version 12.00
# Visual Studio Version 17
VisualStudioVersion = 17.4.33213.308
MinimumVisualStudioVersion = 10.0.40219.1
Project("{9A19103F-16F7-4668-BE54-9A1E7A4F7556}") = "HappyCoding.BlazorComponentLibs.RadzenApp", "HappyCoding.BlazorComponentLibs.Radzen\HappyCoding.BlazorComponentLibs.RadzenApp.csproj", "{4A40B391-052E-48D4-A90E-6AC27AE65E6B}"
EndProject
Project("{FAE04EC0-301F-11D3-BF4B-00C04F79EFBC}") = "HappyCoding.BlazorComponentLibs.Shared", "HappyCoding.BlazorComponentLibs.Shared\HappyCoding.BlazorComponentLibs.Shared.csproj", "{62742D62-D730-4EBD-AF35-C97AD29B13AA}"
EndProject
Global
	GlobalSection(SolutionConfigurationPlatforms) = preSolution
		Debug|Any CPU = Debug|Any CPU
		Release|Any CPU = Release|Any CPU
	EndGlobalSection
	GlobalSection(ProjectConfigurationPlatforms) = postSolution
		{4A40B391-052E-48D4-A90E-6AC27AE65E6B}.Debug|Any CPU.ActiveCfg = Debug|Any CPU
		{4A40B391-052E-48D4-A90E-6AC27AE65E6B}.Debug|Any CPU.Build.0 = Debug|Any CPU
		{4A40B391-052E-48D4-A90E-6AC27AE65E6B}.Release|Any CPU.ActiveCfg = Release|Any CPU
		{4A40B391-052E-48D4-A90E-6AC27AE65E6B}.Release|Any CPU.Build.0 = Release|Any CPU
		{62742D62-D730-4EBD-AF35-C97AD29B13AA}.Debug|Any CPU.ActiveCfg = Debug|Any CPU
		{62742D62-D730-4EBD-AF35-C97AD29B13AA}.Debug|Any CPU.Build.0 = Debug|Any CPU
		{62742D62-D730-4EBD-AF35-C97AD29B13AA}.Release|Any CPU.ActiveCfg = Release|Any CPU
		{62742D62-D730-4EBD-AF35-C97AD29B13AA}.Release|Any CPU.Build.0 = Release|Any CPU
	EndGlobalSection
	GlobalSection(SolutionProperties) = preSolution
		HideSolutionNode = FALSE
	EndGlobalSection
	GlobalSection(ExtensibilityGlobals) = postSolution
		SolutionGuid = {CBC646B5-4CAF-40B3-9D2F-D881E3061C6C}
	EndGlobalSection
EndGlobal
