
Microsoft Visual Studio Solution File, Format Version 12.00
# Visual Studio Version 17
VisualStudioVersion = 17.2.32516.85
MinimumVisualStudioVersion = 10.0.40219.1
Project("{FAE04EC0-301F-11D3-BF4B-00C04F79EFBC}") = "HappyCoding.EFCoreWithBulkExtensions", "HappyCoding.EFCoreWithBulkExtensions\HappyCoding.EFCoreWithBulkExtensions.csproj", "{1362DC49-BFB9-4613-9851-46154DB65D9F}"
EndProject
Global
	GlobalSection(SolutionConfigurationPlatforms) = preSolution
		Debug|Any CPU = Debug|Any CPU
		Release|Any CPU = Release|Any CPU
	EndGlobalSection
	GlobalSection(ProjectConfigurationPlatforms) = postSolution
		{1362DC49-BFB9-4613-9851-46154DB65D9F}.Debug|Any CPU.ActiveCfg = Debug|Any CPU
		{1362DC49-BFB9-4613-9851-46154DB65D9F}.Debug|Any CPU.Build.0 = Debug|Any CPU
		{1362DC49-BFB9-4613-9851-46154DB65D9F}.Release|Any CPU.ActiveCfg = Release|Any CPU
		{1362DC49-BFB9-4613-9851-46154DB65D9F}.Release|Any CPU.Build.0 = Release|Any CPU
	EndGlobalSection
	GlobalSection(SolutionProperties) = preSolution
		HideSolutionNode = FALSE
	EndGlobalSection
	GlobalSection(ExtensibilityGlobals) = postSolution
		SolutionGuid = {F6D4D146-C2DE-477F-A4C9-2B93A678ABA6}
	EndGlobalSection
EndGlobal
