
Microsoft Visual Studio Solution File, Format Version 12.00
Project("{FAE04EC0-301F-11D3-BF4B-00C04F79EFBC}") = "Testing.MinioClientApp", "Testing.MinioClientApp\Testing.MinioClientApp.csproj", "{CDF46324-C65A-40D3-A804-9E3C7C531D2E}"
EndProject
Global
	GlobalSection(SolutionConfigurationPlatforms) = preSolution
		Debug|Any CPU = Debug|Any CPU
		Release|Any CPU = Release|Any CPU
	EndGlobalSection
	GlobalSection(ProjectConfigurationPlatforms) = postSolution
		{CDF46324-C65A-40D3-A804-9E3C7C531D2E}.Debug|Any CPU.ActiveCfg = Debug|Any CPU
		{CDF46324-C65A-40D3-A804-9E3C7C531D2E}.Debug|Any CPU.Build.0 = Debug|Any CPU
		{CDF46324-C65A-40D3-A804-9E3C7C531D2E}.Release|Any CPU.ActiveCfg = Release|Any CPU
		{CDF46324-C65A-40D3-A804-9E3C7C531D2E}.Release|Any CPU.Build.0 = Release|Any CPU
	EndGlobalSection
EndGlobal
