
Microsoft Visual Studio Solution File, Format Version 12.00
# Visual Studio Version 17
VisualStudioVersion = 17.1.32421.90
MinimumVisualStudioVersion = 10.0.40219.1
Project("{FAE04EC0-301F-11D3-BF4B-00C04F79EFBC}") = "HappyCoding.EFCoreQueryTagging", "HappyCoding.EFCoreQueryTagging\HappyCoding.EFCoreQueryTagging.csproj", "{0E448894-DB50-4F52-993B-90C55B4E8CD5}"
EndProject
Global
	GlobalSection(SolutionConfigurationPlatforms) = preSolution
		Debug|Any CPU = Debug|Any CPU
		Release|Any CPU = Release|Any CPU
	EndGlobalSection
	GlobalSection(ProjectConfigurationPlatforms) = postSolution
		{0E448894-DB50-4F52-993B-90C55B4E8CD5}.Debug|Any CPU.ActiveCfg = Debug|Any CPU
		{0E448894-DB50-4F52-993B-90C55B4E8CD5}.Debug|Any CPU.Build.0 = Debug|Any CPU
		{0E448894-DB50-4F52-993B-90C55B4E8CD5}.Release|Any CPU.ActiveCfg = Release|Any CPU
		{0E448894-DB50-4F52-993B-90C55B4E8CD5}.Release|Any CPU.Build.0 = Release|Any CPU
	EndGlobalSection
	GlobalSection(SolutionProperties) = preSolution
		HideSolutionNode = FALSE
	EndGlobalSection
	GlobalSection(ExtensibilityGlobals) = postSolution
		SolutionGuid = {77AEC39F-1CD0-4F21-A21E-EE747D55A752}
	EndGlobalSection
EndGlobal
