
Microsoft Visual Studio Solution File, Format Version 12.00
# Visual Studio Version 17
VisualStudioVersion = 17.1.32421.90
MinimumVisualStudioVersion = 10.0.40219.1
Project("{9A19103F-16F7-4668-BE54-9A1E7A4F7556}") = "HappyCoding.ConsoleLogWindow.TestService", "HappyCoding.ConsoleLogWindow.TestService\HappyCoding.ConsoleLogWindow.TestService.csproj", "{F14CF53C-D52B-4FCE-8B50-DD887A62964A}"
EndProject
Project("{9A19103F-16F7-4668-BE54-9A1E7A4F7556}") = "HappyCoding.Testing.ConsoleHost", "HappyCoding.Testing.ConsoleHost\HappyCoding.Testing.ConsoleHost.csproj", "{008D8860-826D-4469-ABC5-38B13A4239C7}"
EndProject
Project("{9A19103F-16F7-4668-BE54-9A1E7A4F7556}") = "HappyCoding.ConsoleLogWindow.Gui", "HappyCoding.ConsoleLogWindow.Gui\HappyCoding.ConsoleLogWindow.Gui.csproj", "{F64BE6B7-6465-46CB-AD5E-DDAEFC439380}"
EndProject
Project("{2150E333-8FDC-42A3-9474-1A3956D46DE8}") = "DrivingAdapters (incoming)", "DrivingAdapters (incoming)", "{B5519384-9C7B-474A-9202-93364A863A89}"
EndProject
Project("{2150E333-8FDC-42A3-9474-1A3956D46DE8}") = "DrivenAdapters (outgoing)", "DrivenAdapters (outgoing)", "{CA4991A1-DED2-40F7-A90A-6BDD1A11AA44}"
EndProject
Project("{9A19103F-16F7-4668-BE54-9A1E7A4F7556}") = "HappyCoding.ConsoleLogWindow.Application", "HappyCoding.ConsoleLogWindow.Application\HappyCoding.ConsoleLogWindow.Application.csproj", "{D2EC4BB1-5308-4EF5-B9E3-33A207069A27}"
EndProject
Project("{2150E333-8FDC-42A3-9474-1A3956D46DE8}") = "Prototyping", "Prototyping", "{1F17BB55-896F-4FE3-8F71-C6CA42CAB73D}"
EndProject
Project("{9A19103F-16F7-4668-BE54-9A1E7A4F7556}") = "HappyCoding.ConsoleLogWindow.StdOutProcessRunner", "HappyCoding.ConsoleLogWindow.StdOutProcessObserver\HappyCoding.ConsoleLogWindow.StdOutProcessRunner.csproj", "{BEB607E2-004C-4C38-B15D-ED6466B81041}"
EndProject
Project("{2150E333-8FDC-42A3-9474-1A3956D46DE8}") = "Util", "Util", "{AEF9FEAA-7938-4A9F-8AB4-0608BE70D676}"
EndProject
Project("{9A19103F-16F7-4668-BE54-9A1E7A4F7556}") = "HappyCoding.ConsoleLogWindow.Messenger", "HappyCoding.ConsoleLogWindow.Messenger\HappyCoding.ConsoleLogWindow.Messenger.csproj", "{F1E5B757-C0B9-409A-AC54-82BF479466E2}"
EndProject
Project("{FAE04EC0-301F-11D3-BF4B-00C04F79EFBC}") = "HappyCoding.ConsoleLogWindow.JsonDocumentFileHandler", "HappyCoding.ConsoleLogWindow.JsonDocumentFileHandler\HappyCoding.ConsoleLogWindow.JsonDocumentFileHandler.csproj", "{BDF93B9D-E5E6-4E59-ADAF-7FEDB5634AA0}"
EndProject
Global
	GlobalSection(SolutionConfigurationPlatforms) = preSolution
		Debug|Any CPU = Debug|Any CPU
		Release|Any CPU = Release|Any CPU
	EndGlobalSection
	GlobalSection(ProjectConfigurationPlatforms) = postSolution
		{F14CF53C-D52B-4FCE-8B50-DD887A62964A}.Debug|Any CPU.ActiveCfg = Debug|Any CPU
		{F14CF53C-D52B-4FCE-8B50-DD887A62964A}.Debug|Any CPU.Build.0 = Debug|Any CPU
		{F14CF53C-D52B-4FCE-8B50-DD887A62964A}.Release|Any CPU.ActiveCfg = Release|Any CPU
		{F14CF53C-D52B-4FCE-8B50-DD887A62964A}.Release|Any CPU.Build.0 = Release|Any CPU
		{008D8860-826D-4469-ABC5-38B13A4239C7}.Debug|Any CPU.ActiveCfg = Debug|Any CPU
		{008D8860-826D-4469-ABC5-38B13A4239C7}.Debug|Any CPU.Build.0 = Debug|Any CPU
		{008D8860-826D-4469-ABC5-38B13A4239C7}.Release|Any CPU.ActiveCfg = Release|Any CPU
		{008D8860-826D-4469-ABC5-38B13A4239C7}.Release|Any CPU.Build.0 = Release|Any CPU
		{F64BE6B7-6465-46CB-AD5E-DDAEFC439380}.Debug|Any CPU.ActiveCfg = Debug|Any CPU
		{F64BE6B7-6465-46CB-AD5E-DDAEFC439380}.Debug|Any CPU.Build.0 = Debug|Any CPU
		{F64BE6B7-6465-46CB-AD5E-DDAEFC439380}.Release|Any CPU.ActiveCfg = Release|Any CPU
		{F64BE6B7-6465-46CB-AD5E-DDAEFC439380}.Release|Any CPU.Build.0 = Release|Any CPU
		{D2EC4BB1-5308-4EF5-B9E3-33A207069A27}.Debug|Any CPU.ActiveCfg = Debug|Any CPU
		{D2EC4BB1-5308-4EF5-B9E3-33A207069A27}.Debug|Any CPU.Build.0 = Debug|Any CPU
		{D2EC4BB1-5308-4EF5-B9E3-33A207069A27}.Release|Any CPU.ActiveCfg = Release|Any CPU
		{D2EC4BB1-5308-4EF5-B9E3-33A207069A27}.Release|Any CPU.Build.0 = Release|Any CPU
		{BEB607E2-004C-4C38-B15D-ED6466B81041}.Debug|Any CPU.ActiveCfg = Debug|Any CPU
		{BEB607E2-004C-4C38-B15D-ED6466B81041}.Debug|Any CPU.Build.0 = Debug|Any CPU
		{BEB607E2-004C-4C38-B15D-ED6466B81041}.Release|Any CPU.ActiveCfg = Release|Any CPU
		{BEB607E2-004C-4C38-B15D-ED6466B81041}.Release|Any CPU.Build.0 = Release|Any CPU
		{F1E5B757-C0B9-409A-AC54-82BF479466E2}.Debug|Any CPU.ActiveCfg = Debug|Any CPU
		{F1E5B757-C0B9-409A-AC54-82BF479466E2}.Debug|Any CPU.Build.0 = Debug|Any CPU
		{F1E5B757-C0B9-409A-AC54-82BF479466E2}.Release|Any CPU.ActiveCfg = Release|Any CPU
		{F1E5B757-C0B9-409A-AC54-82BF479466E2}.Release|Any CPU.Build.0 = Release|Any CPU
		{BDF93B9D-E5E6-4E59-ADAF-7FEDB5634AA0}.Debug|Any CPU.ActiveCfg = Debug|Any CPU
		{BDF93B9D-E5E6-4E59-ADAF-7FEDB5634AA0}.Debug|Any CPU.Build.0 = Debug|Any CPU
		{BDF93B9D-E5E6-4E59-ADAF-7FEDB5634AA0}.Release|Any CPU.ActiveCfg = Release|Any CPU
		{BDF93B9D-E5E6-4E59-ADAF-7FEDB5634AA0}.Release|Any CPU.Build.0 = Release|Any CPU
	EndGlobalSection
	GlobalSection(SolutionProperties) = preSolution
		HideSolutionNode = FALSE
	EndGlobalSection
	GlobalSection(NestedProjects) = preSolution
		{F14CF53C-D52B-4FCE-8B50-DD887A62964A} = {1F17BB55-896F-4FE3-8F71-C6CA42CAB73D}
		{008D8860-826D-4469-ABC5-38B13A4239C7} = {1F17BB55-896F-4FE3-8F71-C6CA42CAB73D}
		{F64BE6B7-6465-46CB-AD5E-DDAEFC439380} = {B5519384-9C7B-474A-9202-93364A863A89}
		{BEB607E2-004C-4C38-B15D-ED6466B81041} = {CA4991A1-DED2-40F7-A90A-6BDD1A11AA44}
		{F1E5B757-C0B9-409A-AC54-82BF479466E2} = {AEF9FEAA-7938-4A9F-8AB4-0608BE70D676}
		{BDF93B9D-E5E6-4E59-ADAF-7FEDB5634AA0} = {CA4991A1-DED2-40F7-A90A-6BDD1A11AA44}
	EndGlobalSection
	GlobalSection(ExtensibilityGlobals) = postSolution
		SolutionGuid = {7128831D-E3E4-4414-9673-572405D34F07}
	EndGlobalSection
EndGlobal
