
Microsoft Visual Studio Solution File, Format Version 12.00
Project("{FAE04EC0-301F-11D3-BF4B-00C04F79EFBC}") = "HappyCoding.AvaloniaStyleTransitions", "HappyCoding.AvaloniaStyleTransitions\HappyCoding.AvaloniaStyleTransitions.csproj", "{CF866F07-A907-4D4A-A3AB-68DE2007D1C8}"
EndProject
Global
	GlobalSection(SolutionConfigurationPlatforms) = preSolution
		Debug|Any CPU = Debug|Any CPU
		Release|Any CPU = Release|Any CPU
	EndGlobalSection
	GlobalSection(ProjectConfigurationPlatforms) = postSolution
		{CF866F07-A907-4D4A-A3AB-68DE2007D1C8}.Debug|Any CPU.ActiveCfg = Debug|Any CPU
		{CF866F07-A907-4D4A-A3AB-68DE2007D1C8}.Debug|Any CPU.Build.0 = Debug|Any CPU
		{CF866F07-A907-4D4A-A3AB-68DE2007D1C8}.Release|Any CPU.ActiveCfg = Release|Any CPU
		{CF866F07-A907-4D4A-A3AB-68DE2007D1C8}.Release|Any CPU.Build.0 = Release|Any CPU
	EndGlobalSection
EndGlobal
