
Microsoft Visual Studio Solution File, Format Version 12.00
# Visual Studio Version 17
VisualStudioVersion = 17.1.32210.238
MinimumVisualStudioVersion = 10.0.40219.1
Project("{FAE04EC0-301F-11D3-BF4B-00C04F79EFBC}") = "HappyCoding.JsonDocumentsWithNevermore", "HappyCoding.JsonDocumentsWithNevermore\HappyCoding.JsonDocumentsWithNevermore.csproj", "{178A0365-C355-4DCF-80B0-07CD57289EFC}"
EndProject
Global
	GlobalSection(SolutionConfigurationPlatforms) = preSolution
		Debug|Any CPU = Debug|Any CPU
		Release|Any CPU = Release|Any CPU
	EndGlobalSection
	GlobalSection(ProjectConfigurationPlatforms) = postSolution
		{178A0365-C355-4DCF-80B0-07CD57289EFC}.Debug|Any CPU.ActiveCfg = Debug|Any CPU
		{178A0365-C355-4DCF-80B0-07CD57289EFC}.Debug|Any CPU.Build.0 = Debug|Any CPU
		{178A0365-C355-4DCF-80B0-07CD57289EFC}.Release|Any CPU.ActiveCfg = Release|Any CPU
		{178A0365-C355-4DCF-80B0-07CD57289EFC}.Release|Any CPU.Build.0 = Release|Any CPU
	EndGlobalSection
	GlobalSection(SolutionProperties) = preSolution
		HideSolutionNode = FALSE
	EndGlobalSection
	GlobalSection(ExtensibilityGlobals) = postSolution
		SolutionGuid = {1DB20D6A-CCC4-427A-85F2-A714F85FFBF3}
	EndGlobalSection
EndGlobal
